// !$*UTF8*$!
{
	archiveVersion = 1;
	classes = {
	};
	objectVersion = 50;
	objects = {

/* Begin PBXBuildFile section */
		2612D30B209F98AB0083DA33 /* AppDelegate.swift in Sources */ = {isa = PBXBuildFile; fileRef = 2612D30A209F98AB0083DA33 /* AppDelegate.swift */; };
		2612D30D209F98AB0083DA33 /* ViewController.swift in Sources */ = {isa = PBXBuildFile; fileRef = 2612D30C209F98AB0083DA33 /* ViewController.swift */; };
		2612D310209F98AB0083DA33 /* Main.storyboard in Resources */ = {isa = PBXBuildFile; fileRef = 2612D30E209F98AB0083DA33 /* Main.storyboard */; };
		2612D313209F98AB0083DA33 /* Tip_Drill.xcdatamodeld in Sources */ = {isa = PBXBuildFile; fileRef = 2612D311209F98AB0083DA33 /* Tip_Drill.xcdatamodeld */; };
		2612D315209F98AE0083DA33 /* Assets.xcassets in Resources */ = {isa = PBXBuildFile; fileRef = 2612D314209F98AE0083DA33 /* Assets.xcassets */; };
		2612D318209F98AE0083DA33 /* LaunchScreen.storyboard in Resources */ = {isa = PBXBuildFile; fileRef = 2612D316209F98AE0083DA33 /* LaunchScreen.storyboard */; };
		2612D323209F98AF0083DA33 /* Tip_DrillTests.swift in Sources */ = {isa = PBXBuildFile; fileRef = 2612D322209F98AF0083DA33 /* Tip_DrillTests.swift */; };
		2612D32E209F98B00083DA33 /* Tip_DrillUITests.swift in Sources */ = {isa = PBXBuildFile; fileRef = 2612D32D209F98B00083DA33 /* Tip_DrillUITests.swift */; };
		2612D33C209F99630083DA33 /* MainViewController.swift in Sources */ = {isa = PBXBuildFile; fileRef = 2612D33B209F99630083DA33 /* MainViewController.swift */; };
		2612D33E209F99D00083DA33 /* MainViewController.xib in Resources */ = {isa = PBXBuildFile; fileRef = 2612D33D209F99D00083DA33 /* MainViewController.xib */; };
		2612D340209FF06D0083DA33 /* String+Extension.swift in Sources */ = {isa = PBXBuildFile; fileRef = 2612D33F209FF06D0083DA33 /* String+Extension.swift */; };
/* End PBXBuildFile section */

/* Begin PBXContainerItemProxy section */
		2612D31F209F98AE0083DA33 /* PBXContainerItemProxy */ = {
			isa = PBXContainerItemProxy;
			containerPortal = 2612D2FF209F98AA0083DA33 /* Project object */;
			proxyType = 1;
			remoteGlobalIDString = 2612D306209F98AB0083DA33;
			remoteInfo = "Tip Drill";
		};
		2612D32A209F98B00083DA33 /* PBXContainerItemProxy */ = {
			isa = PBXContainerItemProxy;
			containerPortal = 2612D2FF209F98AA0083DA33 /* Project object */;
			proxyType = 1;
			remoteGlobalIDString = 2612D306209F98AB0083DA33;
			remoteInfo = "Tip Drill";
		};
/* End PBXContainerItemProxy section */

/* Begin PBXFileReference section */
		2612D307209F98AB0083DA33 /* Tip Drill.app */ = {isa = PBXFileReference; explicitFileType = wrapper.application; includeInIndex = 0; path = "Tip Drill.app"; sourceTree = BUILT_PRODUCTS_DIR; };
		2612D30A209F98AB0083DA33 /* AppDelegate.swift */ = {isa = PBXFileReference; lastKnownFileType = sourcecode.swift; path = AppDelegate.swift; sourceTree = "<group>"; };
		2612D30C209F98AB0083DA33 /* ViewController.swift */ = {isa = PBXFileReference; lastKnownFileType = sourcecode.swift; path = ViewController.swift; sourceTree = "<group>"; };
		2612D30F209F98AB0083DA33 /* Base */ = {isa = PBXFileReference; lastKnownFileType = file.storyboard; name = Base; path = Base.lproj/Main.storyboard; sourceTree = "<group>"; };
		2612D312209F98AB0083DA33 /* Tip_Drill.xcdatamodel */ = {isa = PBXFileReference; lastKnownFileType = wrapper.xcdatamodel; path = Tip_Drill.xcdatamodel; sourceTree = "<group>"; };
		2612D314209F98AE0083DA33 /* Assets.xcassets */ = {isa = PBXFileReference; lastKnownFileType = folder.assetcatalog; path = Assets.xcassets; sourceTree = "<group>"; };
		2612D317209F98AE0083DA33 /* Base */ = {isa = PBXFileReference; lastKnownFileType = file.storyboard; name = Base; path = Base.lproj/LaunchScreen.storyboard; sourceTree = "<group>"; };
		2612D319209F98AE0083DA33 /* Info.plist */ = {isa = PBXFileReference; lastKnownFileType = text.plist.xml; path = Info.plist; sourceTree = "<group>"; };
		2612D31E209F98AE0083DA33 /* Tip DrillTests.xctest */ = {isa = PBXFileReference; explicitFileType = wrapper.cfbundle; includeInIndex = 0; path = "Tip DrillTests.xctest"; sourceTree = BUILT_PRODUCTS_DIR; };
		2612D322209F98AF0083DA33 /* Tip_DrillTests.swift */ = {isa = PBXFileReference; lastKnownFileType = sourcecode.swift; path = Tip_DrillTests.swift; sourceTree = "<group>"; };
		2612D324209F98AF0083DA33 /* Info.plist */ = {isa = PBXFileReference; lastKnownFileType = text.plist.xml; path = Info.plist; sourceTree = "<group>"; };
		2612D329209F98B00083DA33 /* Tip DrillUITests.xctest */ = {isa = PBXFileReference; explicitFileType = wrapper.cfbundle; includeInIndex = 0; path = "Tip DrillUITests.xctest"; sourceTree = BUILT_PRODUCTS_DIR; };
		2612D32D209F98B00083DA33 /* Tip_DrillUITests.swift */ = {isa = PBXFileReference; lastKnownFileType = sourcecode.swift; path = Tip_DrillUITests.swift; sourceTree = "<group>"; };
		2612D32F209F98B00083DA33 /* Info.plist */ = {isa = PBXFileReference; lastKnownFileType = text.plist.xml; path = Info.plist; sourceTree = "<group>"; };
		2612D33B209F99630083DA33 /* MainViewController.swift */ = {isa = PBXFileReference; lastKnownFileType = sourcecode.swift; path = MainViewController.swift; sourceTree = "<group>"; };
		2612D33D209F99D00083DA33 /* MainViewController.xib */ = {isa = PBXFileReference; lastKnownFileType = file.xib; path = MainViewController.xib; sourceTree = "<group>"; };
		2612D33F209FF06D0083DA33 /* String+Extension.swift */ = {isa = PBXFileReference; lastKnownFileType = sourcecode.swift; path = "String+Extension.swift"; sourceTree = "<group>"; };
/* End PBXFileReference section */

/* Begin PBXFrameworksBuildPhase section */
		2612D304209F98AB0083DA33 /* Frameworks */ = {
			isa = PBXFrameworksBuildPhase;
			buildActionMask = 2147483647;
			files = (
			);
			runOnlyForDeploymentPostprocessing = 0;
		};
		2612D31B209F98AE0083DA33 /* Frameworks */ = {
			isa = PBXFrameworksBuildPhase;
			buildActionMask = 2147483647;
			files = (
			);
			runOnlyForDeploymentPostprocessing = 0;
		};
		2612D326209F98B00083DA33 /* Frameworks */ = {
			isa = PBXFrameworksBuildPhase;
			buildActionMask = 2147483647;
			files = (
			);
			runOnlyForDeploymentPostprocessing = 0;
		};
/* End PBXFrameworksBuildPhase section */

/* Begin PBXGroup section */
		2612D2FE209F98AA0083DA33 = {
			isa = PBXGroup;
			children = (
				2612D309209F98AB0083DA33 /* Tip Drill */,
				2612D321209F98AF0083DA33 /* Tip DrillTests */,
				2612D32C209F98B00083DA33 /* Tip DrillUITests */,
				2612D308209F98AB0083DA33 /* Products */,
			);
			sourceTree = "<group>";
		};
		2612D308209F98AB0083DA33 /* Products */ = {
			isa = PBXGroup;
			children = (
				2612D307209F98AB0083DA33 /* Tip Drill.app */,
				2612D31E209F98AE0083DA33 /* Tip DrillTests.xctest */,
				2612D329209F98B00083DA33 /* Tip DrillUITests.xctest */,
			);
			name = Products;
			sourceTree = "<group>";
		};
		2612D309209F98AB0083DA33 /* Tip Drill */ = {
			isa = PBXGroup;
			children = (
				2612D30A209F98AB0083DA33 /* AppDelegate.swift */,
				2612D30C209F98AB0083DA33 /* ViewController.swift */,
				2612D33B209F99630083DA33 /* MainViewController.swift */,
				2612D33F209FF06D0083DA33 /* String+Extension.swift */,
				2612D33D209F99D00083DA33 /* MainViewController.xib */,
				2612D30E209F98AB0083DA33 /* Main.storyboard */,
				2612D314209F98AE0083DA33 /* Assets.xcassets */,
				2612D316209F98AE0083DA33 /* LaunchScreen.storyboard */,
				2612D319209F98AE0083DA33 /* Info.plist */,
				2612D311209F98AB0083DA33 /* Tip_Drill.xcdatamodeld */,
			);
			path = "Tip Drill";
			sourceTree = "<group>";
		};
		2612D321209F98AF0083DA33 /* Tip DrillTests */ = {
			isa = PBXGroup;
			children = (
				2612D322209F98AF0083DA33 /* Tip_DrillTests.swift */,
				2612D324209F98AF0083DA33 /* Info.plist */,
			);
			path = "Tip DrillTests";
			sourceTree = "<group>";
		};
		2612D32C209F98B00083DA33 /* Tip DrillUITests */ = {
			isa = PBXGroup;
			children = (
				2612D32D209F98B00083DA33 /* Tip_DrillUITests.swift */,
				2612D32F209F98B00083DA33 /* Info.plist */,
			);
			path = "Tip DrillUITests";
			sourceTree = "<group>";
		};
/* End PBXGroup section */

/* Begin PBXNativeTarget section */
		2612D306209F98AB0083DA33 /* Tip Drill */ = {
			isa = PBXNativeTarget;
			buildConfigurationList = 2612D332209F98B00083DA33 /* Build configuration list for PBXNativeTarget "Tip Drill" */;
			buildPhases = (
				2612D303209F98AB0083DA33 /* Sources */,
				2612D304209F98AB0083DA33 /* Frameworks */,
				2612D305209F98AB0083DA33 /* Resources */,
			);
			buildRules = (
			);
			dependencies = (
			);
			name = "Tip Drill";
			productName = "Tip Drill";
			productReference = 2612D307209F98AB0083DA33 /* Tip Drill.app */;
			productType = "com.apple.product-type.application";
		};
		2612D31D209F98AE0083DA33 /* Tip DrillTests */ = {
			isa = PBXNativeTarget;
			buildConfigurationList = 2612D335209F98B00083DA33 /* Build configuration list for PBXNativeTarget "Tip DrillTests" */;
			buildPhases = (
				2612D31A209F98AE0083DA33 /* Sources */,
				2612D31B209F98AE0083DA33 /* Frameworks */,
				2612D31C209F98AE0083DA33 /* Resources */,
			);
			buildRules = (
			);
			dependencies = (
				2612D320209F98AE0083DA33 /* PBXTargetDependency */,
			);
			name = "Tip DrillTests";
			productName = "Tip DrillTests";
			productReference = 2612D31E209F98AE0083DA33 /* Tip DrillTests.xctest */;
			productType = "com.apple.product-type.bundle.unit-test";
		};
		2612D328209F98B00083DA33 /* Tip DrillUITests */ = {
			isa = PBXNativeTarget;
			buildConfigurationList = 2612D338209F98B00083DA33 /* Build configuration list for PBXNativeTarget "Tip DrillUITests" */;
			buildPhases = (
				2612D325209F98B00083DA33 /* Sources */,
				2612D326209F98B00083DA33 /* Frameworks */,
				2612D327209F98B00083DA33 /* Resources */,
			);
			buildRules = (
			);
			dependencies = (
				2612D32B209F98B00083DA33 /* PBXTargetDependency */,
			);
			name = "Tip DrillUITests";
			productName = "Tip DrillUITests";
			productReference = 2612D329209F98B00083DA33 /* Tip DrillUITests.xctest */;
			productType = "com.apple.product-type.bundle.ui-testing";
		};
/* End PBXNativeTarget section */

/* Begin PBXProject section */
		2612D2FF209F98AA0083DA33 /* Project object */ = {
			isa = PBXProject;
			attributes = {
				LastSwiftUpdateCheck = 0930;
				LastUpgradeCheck = 0930;
				ORGANIZATIONNAME = "Cosmic Arrows, LLC";
				TargetAttributes = {
					2612D306209F98AB0083DA33 = {
						CreatedOnToolsVersion = 9.3;
					};
					2612D31D209F98AE0083DA33 = {
						CreatedOnToolsVersion = 9.3;
						TestTargetID = 2612D306209F98AB0083DA33;
					};
					2612D328209F98B00083DA33 = {
						CreatedOnToolsVersion = 9.3;
						TestTargetID = 2612D306209F98AB0083DA33;
					};
				};
			};
			buildConfigurationList = 2612D302209F98AA0083DA33 /* Build configuration list for PBXProject "Tip Drill" */;
			compatibilityVersion = "Xcode 9.3";
			developmentRegion = en;
			hasScannedForEncodings = 0;
			knownRegions = (
				en,
				Base,
			);
			mainGroup = 2612D2FE209F98AA0083DA33;
			productRefGroup = 2612D308209F98AB0083DA33 /* Products */;
			projectDirPath = "";
			projectRoot = "";
			targets = (
				2612D306209F98AB0083DA33 /* Tip Drill */,
				2612D31D209F98AE0083DA33 /* Tip DrillTests */,
				2612D328209F98B00083DA33 /* Tip DrillUITests */,
			);
		};
/* End PBXProject section */

/* Begin PBXResourcesBuildPhase section */
		2612D305209F98AB0083DA33 /* Resources */ = {
			isa = PBXResourcesBuildPhase;
			buildActionMask = 2147483647;
			files = (
				2612D318209F98AE0083DA33 /* LaunchScreen.storyboard in Resources */,
				2612D315209F98AE0083DA33 /* Assets.xcassets in Resources */,
				2612D310209F98AB0083DA33 /* Main.storyboard in Resources */,
				2612D33E209F99D00083DA33 /* MainViewController.xib in Resources */,
			);
			runOnlyForDeploymentPostprocessing = 0;
		};
		2612D31C209F98AE0083DA33 /* Resources */ = {
			isa = PBXResourcesBuildPhase;
			buildActionMask = 2147483647;
			files = (
			);
			runOnlyForDeploymentPostprocessing = 0;
		};
		2612D327209F98B00083DA33 /* Resources */ = {
			isa = PBXResourcesBuildPhase;
			buildActionMask = 2147483647;
			files = (
			);
			runOnlyForDeploymentPostprocessing = 0;
		};
/* End PBXResourcesBuildPhase section */

/* Begin PBXSourcesBuildPhase section */
		2612D303209F98AB0083DA33 /* Sources */ = {
			isa = PBXSourcesBuildPhase;
			buildActionMask = 2147483647;
			files = (
				2612D30D209F98AB0083DA33 /* ViewController.swift in Sources */,
				2612D30B209F98AB0083DA33 /* AppDelegate.swift in Sources */,
				2612D313209F98AB0083DA33 /* Tip_Drill.xcdatamodeld in Sources */,
				2612D340209FF06D0083DA33 /* String+Extension.swift in Sources */,
				2612D33C209F99630083DA33 /* MainViewController.swift in Sources */,
			);
			runOnlyForDeploymentPostprocessing = 0;
		};
		2612D31A209F98AE0083DA33 /* Sources */ = {
			isa = PBXSourcesBuildPhase;
			buildActionMask = 2147483647;
			files = (
				2612D323209F98AF0083DA33 /* Tip_DrillTests.swift in Sources */,
			);
			runOnlyForDeploymentPostprocessing = 0;
		};
		2612D325209F98B00083DA33 /* Sources */ = {
			isa = PBXSourcesBuildPhase;
			buildActionMask = 2147483647;
			files = (
				2612D32E209F98B00083DA33 /* Tip_DrillUITests.swift in Sources */,
			);
			runOnlyForDeploymentPostprocessing = 0;
		};
/* End PBXSourcesBuildPhase section */

/* Begin PBXTargetDependency section */
		2612D320209F98AE0083DA33 /* PBXTargetDependency */ = {
			isa = PBXTargetDependency;
			target = 2612D306209F98AB0083DA33 /* Tip Drill */;
			targetProxy = 2612D31F209F98AE0083DA33 /* PBXContainerItemProxy */;
		};
		2612D32B209F98B00083DA33 /* PBXTargetDependency */ = {
			isa = PBXTargetDependency;
			target = 2612D306209F98AB0083DA33 /* Tip Drill */;
			targetProxy = 2612D32A209F98B00083DA33 /* PBXContainerItemProxy */;
		};
/* End PBXTargetDependency section */

/* Begin PBXVariantGroup section */
		2612D30E209F98AB0083DA33 /* Main.storyboard */ = {
			isa = PBXVariantGroup;
			children = (
				2612D30F209F98AB0083DA33 /* Base */,
			);
			name = Main.storyboard;
			sourceTree = "<group>";
		};
		2612D316209F98AE0083DA33 /* LaunchScreen.storyboard */ = {
			isa = PBXVariantGroup;
			children = (
				2612D317209F98AE0083DA33 /* Base */,
			);
			name = LaunchScreen.storyboard;
			sourceTree = "<group>";
		};
/* End PBXVariantGroup section */

/* Begin XCBuildConfiguration section */
		2612D330209F98B00083DA33 /* Debug */ = {
			isa = XCBuildConfiguration;
			buildSettings = {
				ALWAYS_SEARCH_USER_PATHS = NO;
				CLANG_ANALYZER_NONNULL = YES;
				CLANG_ANALYZER_NUMBER_OBJECT_CONVERSION = YES_AGGRESSIVE;
				CLANG_CXX_LANGUAGE_STANDARD = "gnu++14";
				CLANG_CXX_LIBRARY = "libc++";
				CLANG_ENABLE_MODULES = YES;
				CLANG_ENABLE_OBJC_ARC = YES;
				CLANG_ENABLE_OBJC_WEAK = YES;
				CLANG_WARN_BLOCK_CAPTURE_AUTORELEASING = YES;
				CLANG_WARN_BOOL_CONVERSION = YES;
				CLANG_WARN_COMMA = YES;
				CLANG_WARN_CONSTANT_CONVERSION = YES;
				CLANG_WARN_DEPRECATED_OBJC_IMPLEMENTATIONS = YES;
				CLANG_WARN_DIRECT_OBJC_ISA_USAGE = YES_ERROR;
				CLANG_WARN_DOCUMENTATION_COMMENTS = YES;
				CLANG_WARN_EMPTY_BODY = YES;
				CLANG_WARN_ENUM_CONVERSION = YES;
				CLANG_WARN_INFINITE_RECURSION = YES;
				CLANG_WARN_INT_CONVERSION = YES;
				CLANG_WARN_NON_LITERAL_NULL_CONVERSION = YES;
				CLANG_WARN_OBJC_IMPLICIT_RETAIN_SELF = YES;
				CLANG_WARN_OBJC_LITERAL_CONVERSION = YES;
				CLANG_WARN_OBJC_ROOT_CLASS = YES_ERROR;
				CLANG_WARN_RANGE_LOOP_ANALYSIS = YES;
				CLANG_WARN_STRICT_PROTOTYPES = YES;
				CLANG_WARN_SUSPICIOUS_MOVE = YES;
				CLANG_WARN_UNGUARDED_AVAILABILITY = YES_AGGRESSIVE;
				CLANG_WARN_UNREACHABLE_CODE = YES;
				CLANG_WARN__DUPLICATE_METHOD_MATCH = YES;
				CODE_SIGN_IDENTITY = "iPhone Developer";
				COPY_PHASE_STRIP = NO;
				DEBUG_INFORMATION_FORMAT = dwarf;
				ENABLE_STRICT_OBJC_MSGSEND = YES;
				ENABLE_TESTABILITY = YES;
				GCC_C_LANGUAGE_STANDARD = gnu11;
				GCC_DYNAMIC_NO_PIC = NO;
				GCC_NO_COMMON_BLOCKS = YES;
				GCC_OPTIMIZATION_LEVEL = 0;
				GCC_PREPROCESSOR_DEFINITIONS = (
					"DEBUG=1",
					"$(inherited)",
				);
				GCC_WARN_64_TO_32_BIT_CONVERSION = YES;
				GCC_WARN_ABOUT_RETURN_TYPE = YES_ERROR;
				GCC_WARN_UNDECLARED_SELECTOR = YES;
				GCC_WARN_UNINITIALIZED_AUTOS = YES_AGGRESSIVE;
				GCC_WARN_UNUSED_FUNCTION = YES;
				GCC_WARN_UNUSED_VARIABLE = YES;
				IPHONEOS_DEPLOYMENT_TARGET = 11.3;
				MTL_ENABLE_DEBUG_INFO = YES;
				ONLY_ACTIVE_ARCH = YES;
				SDKROOT = iphoneos;
				SWIFT_ACTIVE_COMPILATION_CONDITIONS = DEBUG;
				SWIFT_OPTIMIZATION_LEVEL = "-Onone";
			};
			name = Debug;
		};
		2612D331209F98B00083DA33 /* Release */ = {
			isa = XCBuildConfiguration;
			buildSettings = {
				ALWAYS_SEARCH_USER_PATHS = NO;
				CLANG_ANALYZER_NONNULL = YES;
				CLANG_ANALYZER_NUMBER_OBJECT_CONVERSION = YES_AGGRESSIVE;
				CLANG_CXX_LANGUAGE_STANDARD = "gnu++14";
				CLANG_CXX_LIBRARY = "libc++";
				CLANG_ENABLE_MODULES = YES;
				CLANG_ENABLE_OBJC_ARC = YES;
				CLANG_ENABLE_OBJC_WEAK = YES;
				CLANG_WARN_BLOCK_CAPTURE_AUTORELEASING = YES;
				CLANG_WARN_BOOL_CONVERSION = YES;
				CLANG_WARN_COMMA = YES;
				CLANG_WARN_CONSTANT_CONVERSION = YES;
				CLANG_WARN_DEPRECATED_OBJC_IMPLEMENTATIONS = YES;
				CLANG_WARN_DIRECT_OBJC_ISA_USAGE = YES_ERROR;
				CLANG_WARN_DOCUMENTATION_COMMENTS = YES;
				CLANG_WARN_EMPTY_BODY = YES;
				CLANG_WARN_ENUM_CONVERSION = YES;
				CLANG_WARN_INFINITE_RECURSION = YES;
				CLANG_WARN_INT_CONVERSION = YES;
				CLANG_WARN_NON_LITERAL_NULL_CONVERSION = YES;
				CLANG_WARN_OBJC_IMPLICIT_RETAIN_SELF = YES;
				CLANG_WARN_OBJC_LITERAL_CONVERSION = YES;
				CLANG_WARN_OBJC_ROOT_CLASS = YES_ERROR;
				CLANG_WARN_RANGE_LOOP_ANALYSIS = YES;
				CLANG_WARN_STRICT_PROTOTYPES = YES;
				CLANG_WARN_SUSPICIOUS_MOVE = YES;
				CLANG_WARN_UNGUARDED_AVAILABILITY = YES_AGGRESSIVE;
				CLANG_WARN_UNREACHABLE_CODE = YES;
				CLANG_WARN__DUPLICATE_METHOD_MATCH = YES;
				CODE_SIGN_IDENTITY = "iPhone Developer";
				COPY_PHASE_STRIP = NO;
				DEBUG_INFORMATION_FORMAT = "dwarf-with-dsym";
				ENABLE_NS_ASSERTIONS = NO;
				ENABLE_STRICT_OBJC_MSGSEND = YES;
				GCC_C_LANGUAGE_STANDARD = gnu11;
				GCC_NO_COMMON_BLOCKS = YES;
				GCC_WARN_64_TO_32_BIT_CONVERSION = YES;
				GCC_WARN_ABOUT_RETURN_TYPE = YES_ERROR;
				GCC_WARN_UNDECLARED_SELECTOR = YES;
				GCC_WARN_UNINITIALIZED_AUTOS = YES_AGGRESSIVE;
				GCC_WARN_UNUSED_FUNCTION = YES;
				GCC_WARN_UNUSED_VARIABLE = YES;
				IPHONEOS_DEPLOYMENT_TARGET = 11.3;
				MTL_ENABLE_DEBUG_INFO = NO;
				SDKROOT = iphoneos;
				SWIFT_COMPILATION_MODE = wholemodule;
				SWIFT_OPTIMIZATION_LEVEL = "-O";
				VALIDATE_PRODUCT = YES;
			};
			name = Release;
		};
		2612D333209F98B00083DA33 /* Debug */ = {
			isa = XCBuildConfiguration;
			buildSettings = {
				ASSETCATALOG_COMPILER_APPICON_NAME = AppIcon;
				CODE_SIGN_STYLE = Automatic;
				DEVELOPMENT_TEAM = ZMJGSJ72TL;
				INFOPLIST_FILE = "Tip Drill/Info.plist";
				LD_RUNPATH_SEARCH_PATHS = (
					"$(inherited)",
					"@executable_path/Frameworks",
				);
				PRODUCT_BUNDLE_IDENTIFIER = "com.cosmicarrows.Tip-Drill";
				PRODUCT_NAME = "$(TARGET_NAME)";
				SWIFT_VERSION = 4.0;
				TARGETED_DEVICE_FAMILY = "1,2";
			};
			name = Debug;
		};
		2612D334209F98B00083DA33 /* Release */ = {
			isa = XCBuildConfiguration;
			buildSettings = {
				ASSETCATALOG_COMPILER_APPICON_NAME = AppIcon;
				CODE_SIGN_STYLE = Automatic;
				DEVELOPMENT_TEAM = ZMJGSJ72TL;
				INFOPLIST_FILE = "Tip Drill/Info.plist";
				LD_RUNPATH_SEARCH_PATHS = (
					"$(inherited)",
					"@executable_path/Frameworks",
				);
				PRODUCT_BUNDLE_IDENTIFIER = "com.cosmicarrows.Tip-Drill";
				PRODUCT_NAME = "$(TARGET_NAME)";
				SWIFT_VERSION = 4.0;
				TARGETED_DEVICE_FAMILY = "1,2";
			};
			name = Release;
		};
		2612D336209F98B00083DA33 /* Debug */ = {
			isa = XCBuildConfiguration;
			buildSettings = {
				ALWAYS_EMBED_SWIFT_STANDARD_LIBRARIES = YES;
				BUNDLE_LOADER = "$(TEST_HOST)";
				CODE_SIGN_STYLE = Automatic;
				DEVELOPMENT_TEAM = ZMJGSJ72TL;
				INFOPLIST_FILE = "Tip DrillTests/Info.plist";
				LD_RUNPATH_SEARCH_PATHS = (
					"$(inherited)",
					"@executable_path/Frameworks",
					"@loader_path/Frameworks",
				);
				PRODUCT_BUNDLE_IDENTIFIER = "com.cosmicarrows.Tip-DrillTests";
				PRODUCT_NAME = "$(TARGET_NAME)";
				SWIFT_VERSION = 4.0;
				TARGETED_DEVICE_FAMILY = "1,2";
				TEST_HOST = "$(BUILT_PRODUCTS_DIR)/Tip Drill.app/Tip Drill";
			};
			name = Debug;
		};
		2612D337209F98B00083DA33 /* Release */ = {
			isa = XCBuildConfiguration;
			buildSettings = {
				ALWAYS_EMBED_SWIFT_STANDARD_LIBRARIES = YES;
				BUNDLE_LOADER = "$(TEST_HOST)";
				CODE_SIGN_STYLE = Automatic;
				DEVELOPMENT_TEAM = ZMJGSJ72TL;
				INFOPLIST_FILE = "Tip DrillTests/Info.plist";
				LD_RUNPATH_SEARCH_PATHS = (
					"$(inherited)",
					"@executable_path/Frameworks",
					"@loader_path/Frameworks",
				);
				PRODUCT_BUNDLE_IDENTIFIER = "com.cosmicarrows.Tip-DrillTests";
				PRODUCT_NAME = "$(TARGET_NAME)";
				SWIFT_VERSION = 4.0;
				TARGETED_DEVICE_FAMILY = "1,2";
				TEST_HOST = "$(BUILT_PRODUCTS_DIR)/Tip Drill.app/Tip Drill";
			};
			name = Release;
		};
		2612D339209F98B00083DA33 /* Debug */ = {
			isa = XCBuildConfiguration;
			buildSettings = {
				ALWAYS_EMBED_SWIFT_STANDARD_LIBRARIES = YES;
				CODE_SIGN_STYLE = Automatic;
				DEVELOPMENT_TEAM = ZMJGSJ72TL;
				INFOPLIST_FILE = "Tip DrillUITests/Info.plist";
				LD_RUNPATH_SEARCH_PATHS = (
					"$(inherited)",
					"@executable_path/Frameworks",
					"@loader_path/Frameworks",
				);
				PRODUCT_BUNDLE_IDENTIFIER = "com.cosmicarrows.Tip-DrillUITests";
				PRODUCT_NAME = "$(TARGET_NAME)";
				SWIFT_VERSION = 4.0;
				TARGETED_DEVICE_FAMILY = "1,2";
				TEST_TARGET_NAME = "Tip Drill";
			};
			name = Debug;
		};
		2612D33A209F98B00083DA33 /* Release */ = {
			isa = XCBuildConfiguration;
			buildSettings = {
				ALWAYS_EMBED_SWIFT_STANDARD_LIBRARIES = YES;
				CODE_SIGN_STYLE = Automatic;
				DEVELOPMENT_TEAM = ZMJGSJ72TL;
				INFOPLIST_FILE = "Tip DrillUITests/Info.plist";
				LD_RUNPATH_SEARCH_PATHS = (
					"$(inherited)",
					"@executable_path/Frameworks",
					"@loader_path/Frameworks",
				);
				PRODUCT_BUNDLE_IDENTIFIER = "com.cosmicarrows.Tip-DrillUITests";
				PRODUCT_NAME = "$(TARGET_NAME)";
				SWIFT_VERSION = 4.0;
				TARGETED_DEVICE_FAMILY = "1,2";
				TEST_TARGET_NAME = "Tip Drill";
			};
			name = Release;
		};
/* End XCBuildConfiguration section */

/* Begin XCConfigurationList section */
		2612D302209F98AA0083DA33 /* Build configuration list for PBXProject "Tip Drill" */ = {
			isa = XCConfigurationList;
			buildConfigurations = (
				2612D330209F98B00083DA33 /* Debug */,
				2612D331209F98B00083DA33 /* Release */,
			);
			defaultConfigurationIsVisible = 0;
			defaultConfigurationName = Release;
		};
		2612D332209F98B00083DA33 /* Build configuration list for PBXNativeTarget "Tip Drill" */ = {
			isa = XCConfigurationList;
			buildConfigurations = (
				2612D333209F98B00083DA33 /* Debug */,
				2612D334209F98B00083DA33 /* Release */,
			);
			defaultConfigurationIsVisible = 0;
			defaultConfigurationName = Release;
		};
		2612D335209F98B00083DA33 /* Build configuration list for PBXNativeTarget "Tip DrillTests" */ = {
			isa = XCConfigurationList;
			buildConfigurations = (
				2612D336209F98B00083DA33 /* Debug */,
				2612D337209F98B00083DA33 /* Release */,
			);
			defaultConfigurationIsVisible = 0;
			defaultConfigurationName = Release;
		};
		2612D338209F98B00083DA33 /* Build configuration list for PBXNativeTarget "Tip DrillUITests" */ = {
			isa = XCConfigurationList;
			buildConfigurations = (
				2612D339209F98B00083DA33 /* Debug */,
				2612D33A209F98B00083DA33 /* Release */,
			);
			defaultConfigurationIsVisible = 0;
			defaultConfigurationName = Release;
		};
/* End XCConfigurationList section */

/* Begin XCVersionGroup section */
		2612D311209F98AB0083DA33 /* Tip_Drill.xcdatamodeld */ = {
			isa = XCVersionGroup;
			children = (
				2612D312209F98AB0083DA33 /* Tip_Drill.xcdatamodel */,
			);
			currentVersion = 2612D312209F98AB0083DA33 /* Tip_Drill.xcdatamodel */;
			path = Tip_Drill.xcdatamodeld;
			sourceTree = "<group>";
			versionGroupType = wrapper.xcdatamodel;
		};
/* End XCVersionGroup section */
	};
	rootObject = 2612D2FF209F98AA0083DA33 /* Project object */;
}
